
Microsoft Visual Studio Solution File, Format Version 12.00
# Visual Studio Version 17
VisualStudioVersion = 17.11.35219.272
MinimumVisualStudioVersion = 10.0.40219.1
Project("{FAE04EC0-301F-11D3-BF4B-00C04F79EFBC}") = "Programa 16(Switch)", "Programa 16(Switch)\Programa 16(Switch).csproj", "{2D7D628C-E57C-45E7-A3E0-3F36E4505FAD}"
EndProject
Global
	GlobalSection(SolutionConfigurationPlatforms) = preSolution
		Debug|Any CPU = Debug|Any CPU
		Release|Any CPU = Release|Any CPU
	EndGlobalSection
	GlobalSection(ProjectConfigurationPlatforms) = postSolution
		{2D7D628C-E57C-45E7-A3E0-3F36E4505FAD}.Debug|Any CPU.ActiveCfg = Debug|Any CPU
		{2D7D628C-E57C-45E7-A3E0-3F36E4505FAD}.Debug|Any CPU.Build.0 = Debug|Any CPU
		{2D7D628C-E57C-45E7-A3E0-3F36E4505FAD}.Release|Any CPU.ActiveCfg = Release|Any CPU
		{2D7D628C-E57C-45E7-A3E0-3F36E4505FAD}.Release|Any CPU.Build.0 = Release|Any CPU
	EndGlobalSection
	GlobalSection(SolutionProperties) = preSolution
		HideSolutionNode = FALSE
	EndGlobalSection
	GlobalSection(ExtensibilityGlobals) = postSolution
		SolutionGuid = {724CAF8C-8B94-4B1C-9607-C7FB6EAF644D}
	EndGlobalSection
EndGlobal
