
Microsoft Visual Studio Solution File, Format Version 12.00
# Visual Studio Version 17
VisualStudioVersion = 17.11.35219.272
MinimumVisualStudioVersion = 10.0.40219.1
Project("{FAE04EC0-301F-11D3-BF4B-00C04F79EFBC}") = "Programa 12(mas sobre clases y metodos)", "Programa 12(mas sobre clases y metodos)\Programa 12(mas sobre clases y metodos).csproj", "{39592F45-5F1E-419D-A16E-BBE9B3B2D8E9}"
EndProject
Global
	GlobalSection(SolutionConfigurationPlatforms) = preSolution
		Debug|Any CPU = Debug|Any CPU
		Release|Any CPU = Release|Any CPU
	EndGlobalSection
	GlobalSection(ProjectConfigurationPlatforms) = postSolution
		{39592F45-5F1E-419D-A16E-BBE9B3B2D8E9}.Debug|Any CPU.ActiveCfg = Debug|Any CPU
		{39592F45-5F1E-419D-A16E-BBE9B3B2D8E9}.Debug|Any CPU.Build.0 = Debug|Any CPU
		{39592F45-5F1E-419D-A16E-BBE9B3B2D8E9}.Release|Any CPU.ActiveCfg = Release|Any CPU
		{39592F45-5F1E-419D-A16E-BBE9B3B2D8E9}.Release|Any CPU.Build.0 = Release|Any CPU
	EndGlobalSection
	GlobalSection(SolutionProperties) = preSolution
		HideSolutionNode = FALSE
	EndGlobalSection
	GlobalSection(ExtensibilityGlobals) = postSolution
		SolutionGuid = {8C3D774F-95F5-4E1C-9320-5AC7CD42F1DB}
	EndGlobalSection
EndGlobal
